
Microsoft Visual Studio Solution File, Format Version 12.00
# Visual Studio 15
VisualStudioVersion = 15.0.27428.2037
MinimumVisualStudioVersion = 10.0.40219.1
Project("{9A19103F-16F7-4668-BE54-9A1E7A4F7556}") = "KFLA", "KFLA\KFLA.csproj", "{EFBDFB53-398D-4395-A471-93BFAE836F34}"
EndProject
Project("{FAE04EC0-301F-11D3-BF4B-00C04F79EFBC}") = "KFLA.Contract", "KFLA.Contract\KFLA.Contract.csproj", "{A1EDB90B-3415-4A61-BFFE-9E59C7A8B1AD}"
EndProject
Project("{FAE04EC0-301F-11D3-BF4B-00C04F79EFBC}") = "KFLA.Data", "KFLA.Data\KFLA.Data.csproj", "{3418EFBF-615D-48F4-9B69-97E4EC19BB6B}"
EndProject
Project("{FAE04EC0-301F-11D3-BF4B-00C04F79EFBC}") = "KFLA.Services", "KFLA.Services\KFLA.Services.csproj", "{2299C985-D10B-457A-9960-651542F89E61}"
EndProject
Global
	GlobalSection(SolutionConfigurationPlatforms) = preSolution
		Debug|Any CPU = Debug|Any CPU
		Release|Any CPU = Release|Any CPU
	EndGlobalSection
	GlobalSection(ProjectConfigurationPlatforms) = postSolution
		{EFBDFB53-398D-4395-A471-93BFAE836F34}.Debug|Any CPU.ActiveCfg = Debug|Any CPU
		{EFBDFB53-398D-4395-A471-93BFAE836F34}.Debug|Any CPU.Build.0 = Debug|Any CPU
		{EFBDFB53-398D-4395-A471-93BFAE836F34}.Release|Any CPU.ActiveCfg = Release|Any CPU
		{EFBDFB53-398D-4395-A471-93BFAE836F34}.Release|Any CPU.Build.0 = Release|Any CPU
		{A1EDB90B-3415-4A61-BFFE-9E59C7A8B1AD}.Debug|Any CPU.ActiveCfg = Debug|Any CPU
		{A1EDB90B-3415-4A61-BFFE-9E59C7A8B1AD}.Debug|Any CPU.Build.0 = Debug|Any CPU
		{A1EDB90B-3415-4A61-BFFE-9E59C7A8B1AD}.Release|Any CPU.ActiveCfg = Release|Any CPU
		{A1EDB90B-3415-4A61-BFFE-9E59C7A8B1AD}.Release|Any CPU.Build.0 = Release|Any CPU
		{3418EFBF-615D-48F4-9B69-97E4EC19BB6B}.Debug|Any CPU.ActiveCfg = Debug|Any CPU
		{3418EFBF-615D-48F4-9B69-97E4EC19BB6B}.Debug|Any CPU.Build.0 = Debug|Any CPU
		{3418EFBF-615D-48F4-9B69-97E4EC19BB6B}.Release|Any CPU.ActiveCfg = Release|Any CPU
		{3418EFBF-615D-48F4-9B69-97E4EC19BB6B}.Release|Any CPU.Build.0 = Release|Any CPU
		{2299C985-D10B-457A-9960-651542F89E61}.Debug|Any CPU.ActiveCfg = Debug|Any CPU
		{2299C985-D10B-457A-9960-651542F89E61}.Debug|Any CPU.Build.0 = Debug|Any CPU
		{2299C985-D10B-457A-9960-651542F89E61}.Release|Any CPU.ActiveCfg = Release|Any CPU
		{2299C985-D10B-457A-9960-651542F89E61}.Release|Any CPU.Build.0 = Release|Any CPU
	EndGlobalSection
	GlobalSection(SolutionProperties) = preSolution
		HideSolutionNode = FALSE
	EndGlobalSection
	GlobalSection(ExtensibilityGlobals) = postSolution
		SolutionGuid = {A7E12EAD-471F-4B10-A7D5-E8E4F01D9192}
	EndGlobalSection
EndGlobal
